{
  "name": "simple-hid",
  "version": "0.9.0",
  "lockfileVersion": 1,
  "requires": true,
  "dependencies": {
    "binary-structures": {
      "version": "1.8.0",
      "resolved": "https://registry.npmjs.org/binary-structures/-/binary-structures-1.8.0.tgz",
      "integrity": "sha512-Mj0/G/ycLFyRSovUYlGiBbeDThOuIna25tZDSLkWD/E3ymU4tH/KaA+1BvSpe30hxnGRsXuCLvtqH0tBJjasyA==",
      "requires": {
        "improved-map": "1.2.1"
      }
    },
    "builtin-modules": {
      "version": "1.1.1",
      "resolved": "https://registry.npmjs.org/builtin-modules/-/builtin-modules-1.1.1.tgz",
      "integrity": "sha1-Jw8HbFpywC9bZaR9+Uxf46J4iS8=",
      "dev": true
    },
    "improved-map": {
      "version": "1.2.1",
      "resolved": "https://registry.npmjs.org/improved-map/-/improved-map-1.2.1.tgz",
      "integrity": "sha512-n/NZFkjiIoGpEOwLvYo0e9WweLbkWdvEU7Z2XecMn7uIG4C7LSzhIkonX+qudMiOLAYpsfizMe5IXwjSmm3OhA=="
    },
    "is-module": {
      "version": "1.0.0",
      "resolved": "https://registry.npmjs.org/is-module/-/is-module-1.0.0.tgz",
      "integrity": "sha1-Mlj7afeMFNW4FdZkM2tM/7ZEFZE=",
      "dev": true
    },
    "path-parse": {
      "version": "1.0.5",
      "resolved": "https://registry.npmjs.org/path-parse/-/path-parse-1.0.5.tgz",
      "integrity": "sha1-PBrfhx6pzWyUMbbqK9dKD/BVxME=",
      "dev": true
    },
    "resolve": {
      "version": "1.5.0",
      "resolved": "https://registry.npmjs.org/resolve/-/resolve-1.5.0.tgz",
      "integrity": "sha512-hgoSGrc3pjzAPHNBg+KnFcK2HwlHTs/YrAGUr6qgTVUZmXv1UEXXl0bZNBKMA9fud6lRYFdPGz0xXxycPzmmiw==",
      "dev": true,
      "requires": {
        "path-parse": "1.0.5"
      }
    },
    "rollup": {
      "version": "0.52.3",
      "resolved": "https://registry.npmjs.org/rollup/-/rollup-0.52.3.tgz",
      "integrity": "sha512-cw+vb9NqaTXlwJyb8G+Ve+uhhlVTcl1NKBkfANdeQqVcpZFilQgeNnAnNiu7MwfeXrqiKEGz+3R03a3zeFkmEQ==",
      "dev": true
    },
    "rollup-plugin-node-resolve": {
      "version": "3.0.2",
      "resolved": "https://registry.npmjs.org/rollup-plugin-node-resolve/-/rollup-plugin-node-resolve-3.0.2.tgz",
      "integrity": "sha512-ZwmMip/yqw6cmDQJuCQJ1G7gw2z11iGUtQNFYrFZHmqadRHU+OZGC3nOXwXu+UTvcm5lzDspB1EYWrkTgPWybw==",
      "dev": true,
      "requires": {
        "builtin-modules": "1.1.1",
        "is-module": "1.0.0",
        "resolve": "1.5.0"
      }
    },
    "typescript": {
      "version": "2.6.2",
      "resolved": "https://registry.npmjs.org/typescript/-/typescript-2.6.2.tgz",
      "integrity": "sha1-PFtv1/beCRQmkCfwPAlGdY92c6Q=",
      "dev": true
    }
  }
}
